<?xml version="1.0" encoding="UTF-8" standalone="yes" ?>
<CodeBlocks_project_file>
	<FileVersion major="1" minor="6" />
	<Project>
		<Option title="RC" />
		<Option pch_mode="2" />
		<Option compiler="avr-gcc" />
		<Build>
			<Target title="Debug">
				<Option output="bin/Debug/RC.elf" prefix_auto="1" extension_auto="0" />
				<Option working_dir="" />
				<Option object_output="obj/Debug/" />
				<Option type="5" />
				<Option compiler="avr-gcc" />
				<Compiler>
					<Add option="-g" />
				</Compiler>
			</Target>
			<Target title="Release">
				<Option output="bin/Release/RC.elf" prefix_auto="1" extension_auto="0" />
				<Option working_dir="" />
				<Option object_output="obj/Release/" />
				<Option type="5" />
				<Option compiler="avr-gcc" />
				<Compiler>
					<Add option="-mmcu=atmega8" />
					<Add option="-Os" />
				</Compiler>
			</Target>
			<Environment>
				<Variable name="MCU" value="atmega8" />
			</Environment>
		</Build>
		<Compiler>
			<Add option="-Wall" />
			<Add option="-mmcu=atmega8" />
			<Add option="-DF_CPU=8000000UL" />
		</Compiler>
		<Linker>
			<Add option="-mmcu=atmega8" />
			<Add option="-Wl,-Map=$(TARGET_OUTPUT_DIR)$(TARGET_OUTPUT_BASENAME).map,--cref" />
		</Linker>
		<ExtraCommands>
			<Add after='cmd /c &quot;avr-objdump -h -S $(TARGET_OUTPUT_FILE) &gt; $(TARGET_OUTPUT_DIR)$(TARGET_OUTPUT_BASENAME).lss&quot;' />
			<Add after="avr-objcopy -R .eeprom -R .fuse -R .lock -R .signature -O ihex $(TARGET_OUTPUT_FILE) $(TARGET_OUTPUT_DIR)$(TARGET_OUTPUT_BASENAME).hex" />
			<Add after="avr-objcopy --no-change-warnings -j .eeprom --change-section-lma .eeprom=0 -O ihex $(TARGET_OUTPUT_FILE) $(TARGET_OUTPUT_DIR)$(TARGET_OUTPUT_BASENAME).eep" />
			<Add after="avr-objcopy --no-change-warnings -j .lock --change-section-lma .lock=0 -O ihex $(TARGET_OUTPUT_FILE) $(TARGET_OUTPUT_DIR)$(TARGET_OUTPUT_BASENAME).lock" />
			<Add after="avr-objcopy --no-change-warnings -j .signature --change-section-lma .signature=0 -O ihex $(TARGET_OUTPUT_FILE) $(TARGET_OUTPUT_DIR)$(TARGET_OUTPUT_BASENAME).sig" />
			<Add after="avr-objcopy --no-change-warnings -j .fuse --change-section-lma .fuse=0 -O ihex $(TARGET_OUTPUT_FILE) $(TARGET_OUTPUT_DIR)$(TARGET_OUTPUT_BASENAME).fuse" />
			<Add after="srec_cat $(TARGET_OUTPUT_DIR)$(TARGET_OUTPUT_BASENAME).fuse -Intel -crop 0x00 0x01 -offset  0x00 -O $(TARGET_OUTPUT_DIR)$(TARGET_OUTPUT_BASENAME).lfs -Intel " />
			<Add after="srec_cat $(TARGET_OUTPUT_DIR)$(TARGET_OUTPUT_BASENAME).fuse -Intel -crop 0x01 0x02 -offset -0x01 -O $(TARGET_OUTPUT_DIR)$(TARGET_OUTPUT_BASENAME).hfs -Intel " />
		</ExtraCommands>
		<Unit filename="Graph.h" />
		<Unit filename="LPH8731-3C.h" />
		<Unit filename="Symbols.h" />
		<Unit filename="bits_macros.h" />
		<Unit filename="main.c">
			<Option compilerVar="CC" />
		</Unit>
		<Unit filename="nRF24L01.h" />
		<Unit filename="nrf24.c">
			<Option compilerVar="CC" />
		</Unit>
		<Unit filename="nrf24.h" />
		<Unit filename="radiopinfunctions.h" />
		<Extensions>
			<code_completion />
			<envvars />
			<debugger />
			<lib_finder disable_auto="1" />
		</Extensions>
	</Project>
</CodeBlocks_project_file>
